
Microsoft Visual Studio Solution File, Format Version 12.00
# Visual Studio 15
VisualStudioVersion = 15.0.28307.705
MinimumVisualStudioVersion = 10.0.40219.1
Project("{FAE04EC0-301F-11D3-BF4B-00C04F79EFBC}") = "Helloworld", "Helloworld.csproj", "{03CA5500-3002-472C-8A43-741FB19C3F89}"
EndProject
Project("{FAE04EC0-301F-11D3-BF4B-00C04F79EFBC}") = "CoffeManager", "..\..\..\..\C#\CafeManager\CoffeManager\CoffeManager\CoffeManager.csproj", "{AAF15DC2-9B4D-4276-BA35-BD56F14E0951}"
EndProject
Global
	GlobalSection(SolutionConfigurationPlatforms) = preSolution
		Debug|Any CPU = Debug|Any CPU
		Release|Any CPU = Release|Any CPU
	EndGlobalSection
	GlobalSection(ProjectConfigurationPlatforms) = postSolution
		{03CA5500-3002-472C-8A43-741FB19C3F89}.Debug|Any CPU.ActiveCfg = Debug|Any CPU
		{03CA5500-3002-472C-8A43-741FB19C3F89}.Debug|Any CPU.Build.0 = Debug|Any CPU
		{03CA5500-3002-472C-8A43-741FB19C3F89}.Release|Any CPU.ActiveCfg = Release|Any CPU
		{03CA5500-3002-472C-8A43-741FB19C3F89}.Release|Any CPU.Build.0 = Release|Any CPU
		{AAF15DC2-9B4D-4276-BA35-BD56F14E0951}.Debug|Any CPU.ActiveCfg = Debug|Any CPU
		{AAF15DC2-9B4D-4276-BA35-BD56F14E0951}.Debug|Any CPU.Build.0 = Debug|Any CPU
		{AAF15DC2-9B4D-4276-BA35-BD56F14E0951}.Release|Any CPU.ActiveCfg = Release|Any CPU
		{AAF15DC2-9B4D-4276-BA35-BD56F14E0951}.Release|Any CPU.Build.0 = Release|Any CPU
	EndGlobalSection
	GlobalSection(SolutionProperties) = preSolution
		HideSolutionNode = FALSE
	EndGlobalSection
	GlobalSection(ExtensibilityGlobals) = postSolution
		SolutionGuid = {14AF904D-8E2A-4CBC-BB06-AC957915BCA6}
	EndGlobalSection
EndGlobal
